// !$*UTF8*$!
{
	archiveVersion = 1;
	classes = {
	};
	objectVersion = 56;
	objects = {

/* Begin PBXBuildFile section */
		A63DD30B2A335BF600565389 /* main.cpp in Sources */ = {isa = PBXBuildFile; fileRef = A63DD30A2A335BF600565389 /* main.cpp */; };
		A63DD3132A335D1A00565389 /* window.cpp in Sources */ = {isa = PBXBuildFile; fileRef = A63DD3112A335D1A00565389 /* window.cpp */; };
		A63DD3162A335EB500565389 /* draw.cpp in Sources */ = {isa = PBXBuildFile; fileRef = A63DD3142A335EB500565389 /* draw.cpp */; };
		A64F66212A33F40F0019D025 /* play.cpp in Sources */ = {isa = PBXBuildFile; fileRef = A64F661F2A33F40F0019D025 /* play.cpp */; };
/* End PBXBuildFile section */

/* Begin PBXCopyFilesBuildPhase section */
		A63DD3052A335BF600565389 /* CopyFiles */ = {
			isa = PBXCopyFilesBuildPhase;
			buildActionMask = 2147483647;
			dstPath = /usr/share/man/man1/;
			dstSubfolderSpec = 0;
			files = (
			);
			runOnlyForDeploymentPostprocessing = 1;
		};
/* End PBXCopyFilesBuildPhase section */

/* Begin PBXFileReference section */
		A63DD3072A335BF600565389 /* Reality Engine */ = {isa = PBXFileReference; explicitFileType = "compiled.mach-o.executable"; includeInIndex = 0; path = "Reality Engine"; sourceTree = BUILT_PRODUCTS_DIR; };
		A63DD30A2A335BF600565389 /* main.cpp */ = {isa = PBXFileReference; lastKnownFileType = sourcecode.cpp.cpp; path = main.cpp; sourceTree = "<group>"; };
		A63DD3112A335D1A00565389 /* window.cpp */ = {isa = PBXFileReference; lastKnownFileType = sourcecode.cpp.cpp; path = window.cpp; sourceTree = "<group>"; };
		A63DD3122A335D1A00565389 /* window.hpp */ = {isa = PBXFileReference; lastKnownFileType = sourcecode.cpp.h; path = window.hpp; sourceTree = "<group>"; };
		A63DD3142A335EB500565389 /* draw.cpp */ = {isa = PBXFileReference; lastKnownFileType = sourcecode.cpp.cpp; path = draw.cpp; sourceTree = "<group>"; };
		A63DD3152A335EB500565389 /* draw.hpp */ = {isa = PBXFileReference; lastKnownFileType = sourcecode.cpp.h; path = draw.hpp; sourceTree = "<group>"; };
		A64F661F2A33F40F0019D025 /* play.cpp */ = {isa = PBXFileReference; lastKnownFileType = sourcecode.cpp.cpp; path = play.cpp; sourceTree = "<group>"; };
		A64F66202A33F40F0019D025 /* play.hpp */ = {isa = PBXFileReference; lastKnownFileType = sourcecode.cpp.h; path = play.hpp; sourceTree = "<group>"; };
/* End PBXFileReference section */

/* Begin PBXFrameworksBuildPhase section */
		A63DD3042A335BF600565389 /* Frameworks */ = {
			isa = PBXFrameworksBuildPhase;
			buildActionMask = 2147483647;
			files = (
			);
			runOnlyForDeploymentPostprocessing = 0;
		};
/* End PBXFrameworksBuildPhase section */

/* Begin PBXGroup section */
		A63DD2FE2A335BF300565389 = {
			isa = PBXGroup;
			children = (
				A63DD3092A335BF600565389 /* Reality Engine */,
				A63DD3082A335BF600565389 /* Products */,
			);
			sourceTree = "<group>";
		};
		A63DD3082A335BF600565389 /* Products */ = {
			isa = PBXGroup;
			children = (
				A63DD3072A335BF600565389 /* Reality Engine */,
			);
			name = Products;
			sourceTree = "<group>";
		};
		A63DD3092A335BF600565389 /* Reality Engine */ = {
			isa = PBXGroup;
			children = (
				A63DD3142A335EB500565389 /* draw.cpp */,
				A63DD3152A335EB500565389 /* draw.hpp */,
				A63DD30A2A335BF600565389 /* main.cpp */,
				A63DD3112A335D1A00565389 /* window.cpp */,
				A63DD3122A335D1A00565389 /* window.hpp */,
				A64F661F2A33F40F0019D025 /* play.cpp */,
				A64F66202A33F40F0019D025 /* play.hpp */,
			);
			path = "Reality Engine";
			sourceTree = "<group>";
		};
/* End PBXGroup section */

/* Begin PBXNativeTarget section */
		A63DD3062A335BF600565389 /* Reality Engine */ = {
			isa = PBXNativeTarget;
			buildConfigurationList = A63DD30E2A335BF600565389 /* Build configuration list for PBXNativeTarget "Reality Engine" */;
			buildPhases = (
				A63DD3032A335BF600565389 /* Sources */,
				A63DD3042A335BF600565389 /* Frameworks */,
				A63DD3052A335BF600565389 /* CopyFiles */,
			);
			buildRules = (
			);
			dependencies = (
			);
			name = "Reality Engine";
			productName = "Reality Engine";
			productReference = A63DD3072A335BF600565389 /* Reality Engine */;
			productType = "com.apple.product-type.tool";
		};
/* End PBXNativeTarget section */

/* Begin PBXProject section */
		A63DD2FF2A335BF300565389 /* Project object */ = {
			isa = PBXProject;
			attributes = {
				BuildIndependentTargetsInParallel = 1;
				LastUpgradeCheck = 1410;
				TargetAttributes = {
					A63DD3062A335BF600565389 = {
						CreatedOnToolsVersion = 14.1;
					};
				};
			};
			buildConfigurationList = A63DD3022A335BF300565389 /* Build configuration list for PBXProject "Reality Engine" */;
			compatibilityVersion = "Xcode 14.0";
			developmentRegion = en;
			hasScannedForEncodings = 0;
			knownRegions = (
				en,
				Base,
			);
			mainGroup = A63DD2FE2A335BF300565389;
			productRefGroup = A63DD3082A335BF600565389 /* Products */;
			projectDirPath = "";
			projectRoot = "";
			targets = (
				A63DD3062A335BF600565389 /* Reality Engine */,
			);
		};
/* End PBXProject section */

/* Begin PBXSourcesBuildPhase section */
		A63DD3032A335BF600565389 /* Sources */ = {
			isa = PBXSourcesBuildPhase;
			buildActionMask = 2147483647;
			files = (
				A63DD30B2A335BF600565389 /* main.cpp in Sources */,
				A63DD3132A335D1A00565389 /* window.cpp in Sources */,
				A63DD3162A335EB500565389 /* draw.cpp in Sources */,
				A64F66212A33F40F0019D025 /* play.cpp in Sources */,
			);
			runOnlyForDeploymentPostprocessing = 0;
		};
/* End PBXSourcesBuildPhase section */

/* Begin XCBuildConfiguration section */
		A63DD30C2A335BF600565389 /* Debug */ = {
			isa = XCBuildConfiguration;
			buildSettings = {
				ALWAYS_SEARCH_USER_PATHS = NO;
				CLANG_ANALYZER_NONNULL = YES;
				CLANG_ANALYZER_NUMBER_OBJECT_CONVERSION = YES_AGGRESSIVE;
				CLANG_CXX_LANGUAGE_STANDARD = "gnu++20";
				CLANG_ENABLE_MODULES = YES;
				CLANG_ENABLE_OBJC_ARC = YES;
				CLANG_ENABLE_OBJC_WEAK = YES;
				CLANG_WARN_BLOCK_CAPTURE_AUTORELEASING = YES;
				CLANG_WARN_BOOL_CONVERSION = YES;
				CLANG_WARN_COMMA = YES;
				CLANG_WARN_CONSTANT_CONVERSION = YES;
				CLANG_WARN_DEPRECATED_OBJC_IMPLEMENTATIONS = YES;
				CLANG_WARN_DIRECT_OBJC_ISA_USAGE = YES_ERROR;
				CLANG_WARN_DOCUMENTATION_COMMENTS = YES;
				CLANG_WARN_EMPTY_BODY = YES;
				CLANG_WARN_ENUM_CONVERSION = YES;
				CLANG_WARN_INFINITE_RECURSION = YES;
				CLANG_WARN_INT_CONVERSION = YES;
				CLANG_WARN_NON_LITERAL_NULL_CONVERSION = YES;
				CLANG_WARN_OBJC_IMPLICIT_RETAIN_SELF = YES;
				CLANG_WARN_OBJC_LITERAL_CONVERSION = YES;
				CLANG_WARN_OBJC_ROOT_CLASS = YES_ERROR;
				CLANG_WARN_QUOTED_INCLUDE_IN_FRAMEWORK_HEADER = YES;
				CLANG_WARN_RANGE_LOOP_ANALYSIS = YES;
				CLANG_WARN_STRICT_PROTOTYPES = YES;
				CLANG_WARN_SUSPICIOUS_MOVE = YES;
				CLANG_WARN_UNGUARDED_AVAILABILITY = YES_AGGRESSIVE;
				CLANG_WARN_UNREACHABLE_CODE = YES;
				CLANG_WARN__DUPLICATE_METHOD_MATCH = YES;
				COPY_PHASE_STRIP = NO;
				DEBUG_INFORMATION_FORMAT = dwarf;
				ENABLE_STRICT_OBJC_MSGSEND = YES;
				ENABLE_TESTABILITY = YES;
				GCC_C_LANGUAGE_STANDARD = gnu11;
				GCC_DYNAMIC_NO_PIC = NO;
				GCC_NO_COMMON_BLOCKS = YES;
				GCC_OPTIMIZATION_LEVEL = 0;
				GCC_PREPROCESSOR_DEFINITIONS = (
					"DEBUG=1",
					"$(inherited)",
				);
				GCC_WARN_64_TO_32_BIT_CONVERSION = YES;
				GCC_WARN_ABOUT_RETURN_TYPE = YES_ERROR;
				GCC_WARN_UNDECLARED_SELECTOR = YES;
				GCC_WARN_UNINITIALIZED_AUTOS = YES_AGGRESSIVE;
				GCC_WARN_UNUSED_FUNCTION = YES;
				GCC_WARN_UNUSED_VARIABLE = YES;
				MACOSX_DEPLOYMENT_TARGET = 12.6;
				MTL_ENABLE_DEBUG_INFO = INCLUDE_SOURCE;
				MTL_FAST_MATH = YES;
				ONLY_ACTIVE_ARCH = YES;
				SDKROOT = macosx;
			};
			name = Debug;
		};
		A63DD30D2A335BF600565389 /* Release */ = {
			isa = XCBuildConfiguration;
			buildSettings = {
				ALWAYS_SEARCH_USER_PATHS = NO;
				CLANG_ANALYZER_NONNULL = YES;
				CLANG_ANALYZER_NUMBER_OBJECT_CONVERSION = YES_AGGRESSIVE;
				CLANG_CXX_LANGUAGE_STANDARD = "gnu++20";
				CLANG_ENABLE_MODULES = YES;
				CLANG_ENABLE_OBJC_ARC = YES;
				CLANG_ENABLE_OBJC_WEAK = YES;
				CLANG_WARN_BLOCK_CAPTURE_AUTORELEASING = YES;
				CLANG_WARN_BOOL_CONVERSION = YES;
				CLANG_WARN_COMMA = YES;
				CLANG_WARN_CONSTANT_CONVERSION = YES;
				CLANG_WARN_DEPRECATED_OBJC_IMPLEMENTATIONS = YES;
				CLANG_WARN_DIRECT_OBJC_ISA_USAGE = YES_ERROR;
				CLANG_WARN_DOCUMENTATION_COMMENTS = YES;
				CLANG_WARN_EMPTY_BODY = YES;
				CLANG_WARN_ENUM_CONVERSION = YES;
				CLANG_WARN_INFINITE_RECURSION = YES;
				CLANG_WARN_INT_CONVERSION = YES;
				CLANG_WARN_NON_LITERAL_NULL_CONVERSION = YES;
				CLANG_WARN_OBJC_IMPLICIT_RETAIN_SELF = YES;
				CLANG_WARN_OBJC_LITERAL_CONVERSION = YES;
				CLANG_WARN_OBJC_ROOT_CLASS = YES_ERROR;
				CLANG_WARN_QUOTED_INCLUDE_IN_FRAMEWORK_HEADER = YES;
				CLANG_WARN_RANGE_LOOP_ANALYSIS = YES;
				CLANG_WARN_STRICT_PROTOTYPES = YES;
				CLANG_WARN_SUSPICIOUS_MOVE = YES;
				CLANG_WARN_UNGUARDED_AVAILABILITY = YES_AGGRESSIVE;
				CLANG_WARN_UNREACHABLE_CODE = YES;
				CLANG_WARN__DUPLICATE_METHOD_MATCH = YES;
				COPY_PHASE_STRIP = NO;
				DEBUG_INFORMATION_FORMAT = "dwarf-with-dsym";
				ENABLE_NS_ASSERTIONS = NO;
				ENABLE_STRICT_OBJC_MSGSEND = YES;
				GCC_C_LANGUAGE_STANDARD = gnu11;
				GCC_NO_COMMON_BLOCKS = YES;
				GCC_WARN_64_TO_32_BIT_CONVERSION = YES;
				GCC_WARN_ABOUT_RETURN_TYPE = YES_ERROR;
				GCC_WARN_UNDECLARED_SELECTOR = YES;
				GCC_WARN_UNINITIALIZED_AUTOS = YES_AGGRESSIVE;
				GCC_WARN_UNUSED_FUNCTION = YES;
				GCC_WARN_UNUSED_VARIABLE = YES;
				MACOSX_DEPLOYMENT_TARGET = 12.6;
				MTL_ENABLE_DEBUG_INFO = NO;
				MTL_FAST_MATH = YES;
				SDKROOT = macosx;
			};
			name = Release;
		};
		A63DD30F2A335BF600565389 /* Debug */ = {
			isa = XCBuildConfiguration;
			buildSettings = {
				CODE_SIGN_STYLE = Automatic;
				LIBRARY_SEARCH_PATHS = "/usr/local/Cellar/**";
				OTHER_LDFLAGS = (
					"-lsdl2",
					"-lsdl2_gfx",
				);
				PRODUCT_NAME = "$(TARGET_NAME)";
				SYSTEM_HEADER_SEARCH_PATHS = (
					/usr/local/Cellar/sdl2/2.24.0/include,
					/usr/local/include,
				);
			};
			name = Debug;
		};
		A63DD3102A335BF600565389 /* Release */ = {
			isa = XCBuildConfiguration;
			buildSettings = {
				CODE_SIGN_STYLE = Automatic;
				LIBRARY_SEARCH_PATHS = "/usr/local/Cellar/**";
				OTHER_LDFLAGS = (
					"-lsdl2",
					"-lsdl2_gfx",
				);
				PRODUCT_NAME = "$(TARGET_NAME)";
				SYSTEM_HEADER_SEARCH_PATHS = (
					/usr/local/Cellar/sdl2/2.24.0/include,
					/usr/local/include,
				);
			};
			name = Release;
		};
/* End XCBuildConfiguration section */

/* Begin XCConfigurationList section */
		A63DD3022A335BF300565389 /* Build configuration list for PBXProject "Reality Engine" */ = {
			isa = XCConfigurationList;
			buildConfigurations = (
				A63DD30C2A335BF600565389 /* Debug */,
				A63DD30D2A335BF600565389 /* Release */,
			);
			defaultConfigurationIsVisible = 0;
			defaultConfigurationName = Release;
		};
		A63DD30E2A335BF600565389 /* Build configuration list for PBXNativeTarget "Reality Engine" */ = {
			isa = XCConfigurationList;
			buildConfigurations = (
				A63DD30F2A335BF600565389 /* Debug */,
				A63DD3102A335BF600565389 /* Release */,
			);
			defaultConfigurationIsVisible = 0;
			defaultConfigurationName = Release;
		};
/* End XCConfigurationList section */
	};
	rootObject = A63DD2FF2A335BF300565389 /* Project object */;
}
